<Solution>
  <Project Path="Restaurants.API/Restaurants.API.csproj" Id="011f0b0f-65be-4363-925d-18293728e8b0" />
  <Project Path="Restaurants.Application/Restaurants.Application.csproj" Id="e2a47889-691e-45d7-ba29-110319d1c95a" />
  <Project Path="Restaurants.Domain/Restaurants.Domain.csproj" Id="33f00692-1c50-480d-a3c0-68bc48da9408" />
  <Project Path="Restaurants.Infrastructure/Restaurants.Infrastructure.csproj" Id="b44e82a2-90fb-4df9-8c06-1de2d73b75ba" />
  <Project Path="Restaurants.IoC/Restaurants.IoC.csproj" Id="b9df4574-b8fb-4833-8b8b-7b8bc80c0802" />
</Solution>
